
Microsoft Visual Studio Solution File, Format Version 12.00
# Visual Studio Version 17
VisualStudioVersion = 17.0.31903.59
MinimumVisualStudioVersion = 10.0.40219.1
Project("{2150E333-8FDC-42A3-9474-1A3956D46DE8}") = "src", "src", "{4526C90F-BF32-4459-AA61-F6BCBCDF8CD0}"
EndProject
Project("{FAE04EC0-301F-11D3-BF4B-00C04F79EFBC}") = "DC2Launcher.App", "src\DC2Launcher.App\DC2Launcher.App.csproj", "{12169F41-7820-45BC-8297-6276E5680CF4}"
EndProject
Project("{FAE04EC0-301F-11D3-BF4B-00C04F79EFBC}") = "DC2Launcher.Core", "src\DC2Launcher.Core\DC2Launcher.Core.csproj", "{87A51B6B-1225-47B4-BA35-3C631CD7BEE5}"
EndProject
Project("{FAE04EC0-301F-11D3-BF4B-00C04F79EFBC}") = "DC2Launcher.Infrastructure", "src\DC2Launcher.Infrastructure\DC2Launcher.Infrastructure.csproj", "{23DEA05A-C762-425B-A947-804FD0B5B59E}"
EndProject
Project("{2150E333-8FDC-42A3-9474-1A3956D46DE8}") = "tests", "tests", "{763802F1-FBBD-4ED5-B805-39448E8D4D96}"
EndProject
Project("{FAE04EC0-301F-11D3-BF4B-00C04F79EFBC}") = "DC2Launcher.Tests", "tests\DC2Launcher.Tests\DC2Launcher.Tests.csproj", "{AD9AB879-B3D5-4385-AB09-A2E386389C3D}"
EndProject
Global
	GlobalSection(SolutionConfigurationPlatforms) = preSolution
		Debug|Any CPU = Debug|Any CPU
		Release|Any CPU = Release|Any CPU
	EndGlobalSection
	GlobalSection(SolutionProperties) = preSolution
		HideSolutionNode = FALSE
	EndGlobalSection
	GlobalSection(ProjectConfigurationPlatforms) = postSolution
		{12169F41-7820-45BC-8297-6276E5680CF4}.Debug|Any CPU.ActiveCfg = Debug|Any CPU
		{12169F41-7820-45BC-8297-6276E5680CF4}.Debug|Any CPU.Build.0 = Debug|Any CPU
		{12169F41-7820-45BC-8297-6276E5680CF4}.Release|Any CPU.ActiveCfg = Release|Any CPU
		{12169F41-7820-45BC-8297-6276E5680CF4}.Release|Any CPU.Build.0 = Release|Any CPU
		{87A51B6B-1225-47B4-BA35-3C631CD7BEE5}.Debug|Any CPU.ActiveCfg = Debug|Any CPU
		{87A51B6B-1225-47B4-BA35-3C631CD7BEE5}.Debug|Any CPU.Build.0 = Debug|Any CPU
		{87A51B6B-1225-47B4-BA35-3C631CD7BEE5}.Release|Any CPU.ActiveCfg = Release|Any CPU
		{87A51B6B-1225-47B4-BA35-3C631CD7BEE5}.Release|Any CPU.Build.0 = Release|Any CPU
		{23DEA05A-C762-425B-A947-804FD0B5B59E}.Debug|Any CPU.ActiveCfg = Debug|Any CPU
		{23DEA05A-C762-425B-A947-804FD0B5B59E}.Debug|Any CPU.Build.0 = Debug|Any CPU
		{23DEA05A-C762-425B-A947-804FD0B5B59E}.Release|Any CPU.ActiveCfg = Release|Any CPU
		{23DEA05A-C762-425B-A947-804FD0B5B59E}.Release|Any CPU.Build.0 = Release|Any CPU
		{AD9AB879-B3D5-4385-AB09-A2E386389C3D}.Debug|Any CPU.ActiveCfg = Debug|Any CPU
		{AD9AB879-B3D5-4385-AB09-A2E386389C3D}.Debug|Any CPU.Build.0 = Debug|Any CPU
		{AD9AB879-B3D5-4385-AB09-A2E386389C3D}.Release|Any CPU.ActiveCfg = Release|Any CPU
		{AD9AB879-B3D5-4385-AB09-A2E386389C3D}.Release|Any CPU.Build.0 = Release|Any CPU
	EndGlobalSection
	GlobalSection(NestedProjects) = preSolution
		{12169F41-7820-45BC-8297-6276E5680CF4} = {4526C90F-BF32-4459-AA61-F6BCBCDF8CD0}
		{87A51B6B-1225-47B4-BA35-3C631CD7BEE5} = {4526C90F-BF32-4459-AA61-F6BCBCDF8CD0}
		{23DEA05A-C762-425B-A947-804FD0B5B59E} = {4526C90F-BF32-4459-AA61-F6BCBCDF8CD0}
		{AD9AB879-B3D5-4385-AB09-A2E386389C3D} = {763802F1-FBBD-4ED5-B805-39448E8D4D96}
	EndGlobalSection
EndGlobal
